
Microsoft Visual Studio Solution File, Format Version 12.00
# Visual Studio Version 16
VisualStudioVersion = 16.0.30907.101
MinimumVisualStudioVersion = 10.0.40219.1
Project("{FAE04EC0-301F-11D3-BF4B-00C04F79EFBC}") = "Stargazer.Extensions.Newtonsoft.Json.LongToStringConvert", "src\Stargazer.Extensions.Newtonsoft.Json.LongToStringConvert.csproj", "{1944C204-0ABE-4FB8-84CC-EAD91E2FDCBA}"
EndProject
Project("{FAE04EC0-301F-11D3-BF4B-00C04F79EFBC}") = "Stargazer.Extensions.Newtonsoft.Json.LongToStringConvert.Tests", "test\Stargazer.Extensions.Newtonsoft.Json.LongToStringConvert.Tests.csproj", "{97A1A211-1CC8-4DD8-8341-590A4645B176}"
EndProject
Global
	GlobalSection(SolutionConfigurationPlatforms) = preSolution
		Debug|Any CPU = Debug|Any CPU
		Release|Any CPU = Release|Any CPU
	EndGlobalSection
	GlobalSection(ProjectConfigurationPlatforms) = postSolution
		{1944C204-0ABE-4FB8-84CC-EAD91E2FDCBA}.Debug|Any CPU.ActiveCfg = Debug|Any CPU
		{1944C204-0ABE-4FB8-84CC-EAD91E2FDCBA}.Debug|Any CPU.Build.0 = Debug|Any CPU
		{1944C204-0ABE-4FB8-84CC-EAD91E2FDCBA}.Release|Any CPU.ActiveCfg = Release|Any CPU
		{1944C204-0ABE-4FB8-84CC-EAD91E2FDCBA}.Release|Any CPU.Build.0 = Release|Any CPU
		{97A1A211-1CC8-4DD8-8341-590A4645B176}.Debug|Any CPU.ActiveCfg = Debug|Any CPU
		{97A1A211-1CC8-4DD8-8341-590A4645B176}.Debug|Any CPU.Build.0 = Debug|Any CPU
		{97A1A211-1CC8-4DD8-8341-590A4645B176}.Release|Any CPU.ActiveCfg = Release|Any CPU
		{97A1A211-1CC8-4DD8-8341-590A4645B176}.Release|Any CPU.Build.0 = Release|Any CPU
	EndGlobalSection
	GlobalSection(SolutionProperties) = preSolution
		HideSolutionNode = FALSE
	EndGlobalSection
	GlobalSection(ExtensibilityGlobals) = postSolution
		SolutionGuid = {6CBF5B86-5C99-42D3-87F6-0803AA879196}
	EndGlobalSection
EndGlobal
